
Microsoft Visual Studio Solution File, Format Version 12.00
# Visual Studio Version 16
VisualStudioVersion = 16.0.31515.178
MinimumVisualStudioVersion = 10.0.40219.1
Project("{2150E333-8FDC-42A3-9474-1A3956D46DE8}") = "samples", "samples", "{6E9DE917-5C0B-4639-AC66-182277C659D4}"
EndProject
Project("{FAE04EC0-301F-11D3-BF4B-00C04F79EFBC}") = "DataFactorySamples", "samples\DataFactorySamples\DataFactorySamples.csproj", "{E0D7E962-656B-4465-ACB8-93250B396565}"
EndProject
Global
	GlobalSection(SolutionConfigurationPlatforms) = preSolution
		Debug|Any CPU = Debug|Any CPU
		Release|Any CPU = Release|Any CPU
	EndGlobalSection
	GlobalSection(ProjectConfigurationPlatforms) = postSolution
		{E0D7E962-656B-4465-ACB8-93250B396565}.Debug|Any CPU.ActiveCfg = Debug|Any CPU
		{E0D7E962-656B-4465-ACB8-93250B396565}.Debug|Any CPU.Build.0 = Debug|Any CPU
		{E0D7E962-656B-4465-ACB8-93250B396565}.Release|Any CPU.ActiveCfg = Release|Any CPU
		{E0D7E962-656B-4465-ACB8-93250B396565}.Release|Any CPU.Build.0 = Release|Any CPU
	EndGlobalSection
	GlobalSection(SolutionProperties) = preSolution
		HideSolutionNode = FALSE
	EndGlobalSection
	GlobalSection(NestedProjects) = preSolution
		{E0D7E962-656B-4465-ACB8-93250B396565} = {6E9DE917-5C0B-4639-AC66-182277C659D4}
	EndGlobalSection
	GlobalSection(ExtensibilityGlobals) = postSolution
		SolutionGuid = {7995DF66-2D9B-4ED3-B020-867F7C0F95D4}
	EndGlobalSection
EndGlobal
